{
  "version": 4,
  "terraform_version": "1.4.6",
  "serial": 17,
  "lineage": "8c1c331e-af7b-54d4-d662-42dd25413670",
  "outputs": {},
  "resources": [
    {
      "mode": "data",
      "type": "aws_iam_policy_document",
      "name": "assume_role",
      "provider": "provider[\"registry.terraform.io/hashicorp/aws\"]",
      "instances": [
        {
          "schema_version": 0,
          "attributes": {
            "id": "2690255455",
            "json": "{\n  \"Version\": \"2012-10-17\",\n  \"Statement\": [\n    {\n      \"Effect\": \"Allow\",\n      \"Action\": \"sts:AssumeRole\",\n      \"Principal\": {\n        \"Service\": \"lambda.amazonaws.com\"\n      }\n    }\n  ]\n}",
            "override_json": null,
            "override_policy_documents": null,
            "policy_id": null,
            "source_json": null,
            "source_policy_documents": null,
            "statement": [
              {
                "actions": [
                  "sts:AssumeRole"
                ],
                "condition": [],
                "effect": "Allow",
                "not_actions": [],
                "not_principals": [],
                "not_resources": [],
                "principals": [
                  {
                    "identifiers": [
                      "lambda.amazonaws.com"
                    ],
                    "type": "Service"
                  }
                ],
                "resources": [],
                "sid": ""
              }
            ],
            "version": "2012-10-17"
          },
          "sensitive_attributes": []
        }
      ]
    },
    {
      "mode": "data",
      "type": "aws_iam_policy_document",
      "name": "lambda_cloudwatch",
      "provider": "provider[\"registry.terraform.io/hashicorp/aws\"]",
      "instances": [
        {
          "index_key": 0,
          "schema_version": 0,
          "attributes": {
            "id": "2374830910",
            "json": "{\n  \"Version\": \"2012-10-17\",\n  \"Statement\": [\n    {\n      \"Effect\": \"Allow\",\n      \"Action\": [\n        \"logs:PutLogEvents\",\n        \"logs:CreateLogStream\"\n      ],\n      \"Resource\": \"arn:aws:logs:us-west-2:320236118172:log-group:/aws/lambda/lambda_promtail:*\"\n    }\n  ]\n}",
            "override_json": null,
            "override_policy_documents": null,
            "policy_id": null,
            "source_json": null,
            "source_policy_documents": null,
            "statement": [
              {
                "actions": [
                  "logs:CreateLogStream",
                  "logs:PutLogEvents"
                ],
                "condition": [],
                "effect": "Allow",
                "not_actions": [],
                "not_principals": [],
                "not_resources": [],
                "principals": [],
                "resources": [
                  "arn:aws:logs:us-west-2:320236118172:log-group:/aws/lambda/lambda_promtail:*"
                ],
                "sid": ""
              }
            ],
            "version": "2012-10-17"
          },
          "sensitive_attributes": []
        }
      ]
    },
    {
      "mode": "data",
      "type": "aws_iam_policy_document",
      "name": "lambda_kinesis",
      "provider": "provider[\"registry.terraform.io/hashicorp/aws\"]",
      "instances": [
        {
          "index_key": 0,
          "schema_version": 0,
          "attributes": {
            "id": "1044499030",
            "json": "{\n  \"Version\": \"2012-10-17\",\n  \"Statement\": [\n    {\n      \"Effect\": \"Allow\",\n      \"Action\": \"kinesis:*\",\n      \"Resource\": \"arn:aws:kinesis:us-west-2:320236118172:stream/kds-lambda-hello\"\n    }\n  ]\n}",
            "override_json": null,
            "override_policy_documents": null,
            "policy_id": null,
            "source_json": null,
            "source_policy_documents": null,
            "statement": [
              {
                "actions": [
                  "kinesis:*"
                ],
                "condition": [],
                "effect": "Allow",
                "not_actions": [],
                "not_principals": [],
                "not_resources": [],
                "principals": [],
                "resources": [
                  "arn:aws:kinesis:us-west-2:320236118172:stream/kds-lambda-hello"
                ],
                "sid": ""
              }
            ],
            "version": "2012-10-17"
          },
          "sensitive_attributes": []
        }
      ]
    },
    {
      "mode": "data",
      "type": "aws_kinesis_stream",
      "name": "this",
      "provider": "provider[\"registry.terraform.io/hashicorp/aws\"]",
      "instances": [
        {
          "index_key": "kds-lambda-hello",
          "schema_version": 0,
          "attributes": {
            "arn": "arn:aws:kinesis:us-west-2:320236118172:stream/kds-lambda-hello",
            "closed_shards": [],
            "creation_timestamp": 1714122399,
            "id": "arn:aws:kinesis:us-west-2:320236118172:stream/kds-lambda-hello",
            "name": "kds-lambda-hello",
            "open_shards": [
              "shardId-000000000000",
              "shardId-000000000001",
              "shardId-000000000002",
              "shardId-000000000003"
            ],
            "retention_period": 24,
            "shard_level_metrics": [],
            "status": "ACTIVE",
            "stream_mode_details": [
              {
                "stream_mode": "ON_DEMAND"
              }
            ],
            "tags": {}
          },
          "sensitive_attributes": []
        }
      ]
    },
    {
      "mode": "data",
      "type": "aws_region",
      "name": "current",
      "provider": "provider[\"registry.terraform.io/hashicorp/aws\"]",
      "instances": [
        {
          "schema_version": 0,
          "attributes": {
            "description": "US West (Oregon)",
            "endpoint": "ec2.us-west-2.amazonaws.com",
            "id": "us-west-2",
            "name": "us-west-2"
          },
          "sensitive_attributes": []
        }
      ]
    },
    {
      "mode": "managed",
      "type": "aws_cloudwatch_log_group",
      "name": "this",
      "provider": "provider[\"registry.terraform.io/hashicorp/aws\"]",
      "instances": [
        {
          "schema_version": 0,
          "attributes": {
            "arn": "arn:aws:logs:us-west-2:320236118172:log-group:/aws/lambda/lambda_promtail",
            "id": "/aws/lambda/lambda_promtail",
            "kms_key_id": "",
            "log_group_class": "STANDARD",
            "name": "/aws/lambda/lambda_promtail",
            "name_prefix": "",
            "retention_in_days": 14,
            "skip_destroy": false,
            "tags": {},
            "tags_all": {}
          },
          "sensitive_attributes": [],
          "private": "bnVsbA=="
        }
      ]
    },
    {
      "mode": "managed",
      "type": "aws_iam_role",
      "name": "this",
      "provider": "provider[\"registry.terraform.io/hashicorp/aws\"]",
      "instances": [
        {
          "schema_version": 0,
          "attributes": {
            "arn": "arn:aws:iam::320236118172:role/lambda_promtail",
            "assume_role_policy": "{\"Statement\":[{\"Action\":\"sts:AssumeRole\",\"Effect\":\"Allow\",\"Principal\":{\"Service\":\"lambda.amazonaws.com\"}}],\"Version\":\"2012-10-17\"}",
            "create_date": "2024-04-30T04:09:03Z",
            "description": "",
            "force_detach_policies": false,
            "id": "lambda_promtail",
            "inline_policy": [
              {
                "name": "cloudwatch",
                "policy": "{\"Version\":\"2012-10-17\",\"Statement\":[{\"Action\":[\"logs:PutLogEvents\",\"logs:CreateLogStream\"],\"Effect\":\"Allow\",\"Resource\":\"arn:aws:logs:us-west-2:320236118172:log-group:/aws/lambda/lambda_promtail:*\"}]}"
              },
              {
                "name": "kinesis",
                "policy": "{\"Version\":\"2012-10-17\",\"Statement\":[{\"Action\":\"kinesis:*\",\"Effect\":\"Allow\",\"Resource\":\"arn:aws:kinesis:us-west-2:320236118172:stream/kds-lambda-hello\"}]}"
              }
            ],
            "managed_policy_arns": [],
            "max_session_duration": 3600,
            "name": "lambda_promtail",
            "name_prefix": "",
            "path": "/",
            "permissions_boundary": "",
            "tags": {},
            "tags_all": {},
            "unique_id": "AROAUVD4PMCOGRS5QZGXS"
          },
          "sensitive_attributes": [],
          "private": "bnVsbA==",
          "dependencies": [
            "data.aws_iam_policy_document.assume_role"
          ]
        }
      ]
    },
    {
      "mode": "managed",
      "type": "aws_iam_role_policy",
      "name": "lambda_cloudwatch",
      "provider": "provider[\"registry.terraform.io/hashicorp/aws\"]",
      "instances": [
        {
          "index_key": 0,
          "schema_version": 0,
          "attributes": {
            "id": "lambda_promtail:cloudwatch",
            "name": "cloudwatch",
            "name_prefix": "",
            "policy": "{\"Version\":\"2012-10-17\",\"Statement\":[{\"Action\":[\"logs:PutLogEvents\",\"logs:CreateLogStream\"],\"Effect\":\"Allow\",\"Resource\":\"arn:aws:logs:us-west-2:320236118172:log-group:/aws/lambda/lambda_promtail:*\"}]}",
            "role": "lambda_promtail"
          },
          "sensitive_attributes": [],
          "private": "bnVsbA==",
          "dependencies": [
            "aws_cloudwatch_log_group.this",
            "aws_iam_role.this",
            "data.aws_iam_policy_document.assume_role",
            "data.aws_iam_policy_document.lambda_cloudwatch"
          ]
        }
      ]
    },
    {
      "mode": "managed",
      "type": "aws_iam_role_policy",
      "name": "lambda_kinesis",
      "provider": "provider[\"registry.terraform.io/hashicorp/aws\"]",
      "instances": [
        {
          "index_key": 0,
          "schema_version": 0,
          "attributes": {
            "id": "lambda_promtail:kinesis",
            "name": "kinesis",
            "name_prefix": "",
            "policy": "{\"Version\":\"2012-10-17\",\"Statement\":[{\"Action\":\"kinesis:*\",\"Effect\":\"Allow\",\"Resource\":\"arn:aws:kinesis:us-west-2:320236118172:stream/kds-lambda-hello\"}]}",
            "role": "lambda_promtail"
          },
          "sensitive_attributes": [],
          "private": "bnVsbA==",
          "dependencies": [
            "aws_iam_role.this",
            "data.aws_iam_policy_document.assume_role",
            "data.aws_iam_policy_document.lambda_kinesis",
            "data.aws_kinesis_stream.this"
          ]
        }
      ]
    },
    {
      "mode": "managed",
      "type": "aws_lambda_event_source_mapping",
      "name": "this",
      "provider": "provider[\"registry.terraform.io/hashicorp/aws\"]",
      "instances": [
        {
          "index_key": "kds-lambda-hello",
          "schema_version": 0,
          "attributes": {
            "amazon_managed_kafka_event_source_config": [],
            "batch_size": 100,
            "bisect_batch_on_function_error": false,
            "destination_config": [
              {
                "on_failure": [
                  {
                    "destination_arn": null
                  }
                ]
              }
            ],
            "document_db_event_source_config": [],
            "enabled": true,
            "event_source_arn": "arn:aws:kinesis:us-west-2:320236118172:stream/kds-lambda-hello",
            "filter_criteria": [],
            "function_arn": "arn:aws:lambda:us-west-2:320236118172:function:lambda_promtail",
            "function_name": "arn:aws:lambda:us-west-2:320236118172:function:lambda_promtail",
            "function_response_types": [],
            "id": "ecf3d423-c6d3-426a-8f07-edb3ae030fa6",
            "last_modified": "2024-04-30T04:46:00Z",
            "last_processing_result": "PROBLEM: Function call failed",
            "maximum_batching_window_in_seconds": 0,
            "maximum_record_age_in_seconds": -1,
            "maximum_retry_attempts": -1,
            "parallelization_factor": 1,
            "queues": [],
            "scaling_config": [],
            "self_managed_event_source": [],
            "self_managed_kafka_event_source_config": [],
            "source_access_configuration": [],
            "starting_position": "LATEST",
            "starting_position_timestamp": "",
            "state": "Enabled",
            "state_transition_reason": "User action",
            "topics": [],
            "tumbling_window_in_seconds": 0,
            "uuid": "ecf3d423-c6d3-426a-8f07-edb3ae030fa6"
          },
          "sensitive_attributes": [],
          "private": "bnVsbA==",
          "dependencies": [
            "aws_cloudwatch_log_group.this",
            "aws_iam_role.this",
            "aws_iam_role_policy.lambda_cloudwatch",
            "aws_iam_role_policy.lambda_kinesis",
            "aws_iam_role_policy.lambda_kms",
            "aws_iam_role_policy.lambda_s3",
            "aws_iam_role_policy_attachment.lambda_vpc_execution",
            "aws_lambda_function.this",
            "data.aws_iam_policy.lambda_vpc_execution",
            "data.aws_iam_policy_document.assume_role",
            "data.aws_iam_policy_document.lambda_cloudwatch",
            "data.aws_iam_policy_document.lambda_kinesis",
            "data.aws_iam_policy_document.lambda_kms",
            "data.aws_iam_policy_document.lambda_s3",
            "data.aws_kinesis_stream.this"
          ]
        }
      ]
    },
    {
      "mode": "managed",
      "type": "aws_lambda_function",
      "name": "this",
      "provider": "provider[\"registry.terraform.io/hashicorp/aws\"]",
      "instances": [
        {
          "schema_version": 0,
          "attributes": {
            "architectures": [
              "x86_64"
            ],
            "arn": "arn:aws:lambda:us-west-2:320236118172:function:lambda_promtail",
            "code_signing_config_arn": "",
            "dead_letter_config": [],
            "description": "",
            "environment": [
              {
                "variables": {
                  "BATCH_SIZE": "",
                  "BEARER_TOKEN": "",
                  "DROP_LABELS": "",
                  "EXTRA_LABELS": "\"app,kds-logs\"",
                  "KEEP_STREAM": "false",
                  "OMIT_EXTRA_LABELS_PREFIX": "false",
                  "PASSWORD": "",
                  "PRINT_LOG_LINE": "true",
                  "SKIP_TLS_VERIFY": "false",
                  "TENANT_ID": "1",
                  "USERNAME": "",
                  "WRITE_ADDRESS": "http://34.223.23.146:3100/loki/api/v1/push"
                }
              }
            ],
            "ephemeral_storage": [
              {
                "size": 512
              }
            ],
            "file_system_config": [],
            "filename": null,
            "function_name": "lambda_promtail",
            "handler": "",
            "id": "lambda_promtail",
            "image_config": [],
            "image_uri": "320236118172.dkr.ecr.us-west-2.amazonaws.com/lambda-promtail:main-bc78d13-amd64",
            "invoke_arn": "arn:aws:apigateway:us-west-2:lambda:path/2015-03-31/functions/arn:aws:lambda:us-west-2:320236118172:function:lambda_promtail/invocations",
            "kms_key_arn": "",
            "last_modified": "2024-04-30T04:55:14.000+0000",
            "layers": [],
            "logging_config": [
              {
                "application_log_level": "",
                "log_format": "Text",
                "log_group": "/aws/lambda/lambda_promtail",
                "system_log_level": ""
              }
            ],
            "memory_size": 128,
            "package_type": "Image",
            "publish": false,
            "qualified_arn": "arn:aws:lambda:us-west-2:320236118172:function:lambda_promtail:$LATEST",
            "qualified_invoke_arn": "arn:aws:apigateway:us-west-2:lambda:path/2015-03-31/functions/arn:aws:lambda:us-west-2:320236118172:function:lambda_promtail:$LATEST/invocations",
            "replace_security_groups_on_destroy": null,
            "replacement_security_group_ids": null,
            "reserved_concurrent_executions": -1,
            "role": "arn:aws:iam::320236118172:role/lambda_promtail",
            "runtime": "",
            "s3_bucket": null,
            "s3_key": null,
            "s3_object_version": null,
            "signing_job_arn": "",
            "signing_profile_version_arn": "",
            "skip_destroy": false,
            "snap_start": [],
            "source_code_hash": "7fb9f824e5fbaabed8d3f5f507da78e3530fb4c38ea1b1c78d184d51d6d1e2a8",
            "source_code_size": 0,
            "tags": {},
            "tags_all": {},
            "timeout": 60,
            "timeouts": null,
            "tracing_config": [
              {
                "mode": "PassThrough"
              }
            ],
            "version": "$LATEST",
            "vpc_config": []
          },
          "sensitive_attributes": [
            [
              {
                "type": "get_attr",
                "value": "environment"
              },
              {
                "type": "index",
                "value": {
                  "value": 0,
                  "type": "number"
                }
              },
              {
                "type": "get_attr",
                "value": "variables"
              },
              {
                "type": "index",
                "value": {
                  "value": "BEARER_TOKEN",
                  "type": "string"
                }
              }
            ],
            [
              {
                "type": "get_attr",
                "value": "environment"
              },
              {
                "type": "index",
                "value": {
                  "value": 0,
                  "type": "number"
                }
              },
              {
                "type": "get_attr",
                "value": "variables"
              },
              {
                "type": "index",
                "value": {
                  "value": "PASSWORD",
                  "type": "string"
                }
              }
            ]
          ],
          "private": "eyJlMmJmYjczMC1lY2FhLTExZTYtOGY4OC0zNDM2M2JjN2M0YzAiOnsiY3JlYXRlIjo2MDAwMDAwMDAwMDAsImRlbGV0ZSI6NjAwMDAwMDAwMDAwLCJ1cGRhdGUiOjYwMDAwMDAwMDAwMH19",
          "dependencies": [
            "aws_cloudwatch_log_group.this",
            "aws_iam_role.this",
            "aws_iam_role_policy.lambda_cloudwatch",
            "aws_iam_role_policy.lambda_kinesis",
            "aws_iam_role_policy.lambda_kms",
            "aws_iam_role_policy.lambda_s3",
            "aws_iam_role_policy_attachment.lambda_vpc_execution"
          ]
        }
      ]
    },
    {
      "mode": "managed",
      "type": "aws_lambda_function_event_invoke_config",
      "name": "this",
      "provider": "provider[\"registry.terraform.io/hashicorp/aws\"]",
      "instances": [
        {
          "schema_version": 0,
          "attributes": {
            "destination_config": [],
            "function_name": "lambda_promtail",
            "id": "lambda_promtail",
            "maximum_event_age_in_seconds": 0,
            "maximum_retry_attempts": 2,
            "qualifier": ""
          },
          "sensitive_attributes": [],
          "private": "bnVsbA==",
          "dependencies": [
            "aws_cloudwatch_log_group.this",
            "aws_iam_role.this",
            "aws_iam_role_policy.lambda_cloudwatch",
            "aws_iam_role_policy.lambda_kinesis",
            "aws_iam_role_policy.lambda_kms",
            "aws_iam_role_policy.lambda_s3",
            "aws_iam_role_policy_attachment.lambda_vpc_execution",
            "aws_lambda_function.this",
            "data.aws_iam_policy.lambda_vpc_execution",
            "data.aws_iam_policy_document.assume_role",
            "data.aws_iam_policy_document.lambda_cloudwatch",
            "data.aws_iam_policy_document.lambda_kinesis",
            "data.aws_iam_policy_document.lambda_kms",
            "data.aws_iam_policy_document.lambda_s3",
            "data.aws_kinesis_stream.this"
          ]
        }
      ]
    }
  ],
  "check_results": null
}
